
Microsoft Visual Studio Solution File, Format Version 12.00
# Visual Studio Version 17
VisualStudioVersion = 17.2.32616.157
MinimumVisualStudioVersion = 10.0.40219.1
Project("{9A19103F-16F7-4668-BE54-9A1E7A4F7556}") = "Zylon", "Zylon.csproj", "{A4B6A196-EC99-4428-9B3A-AC7392102FCD}"
EndProject
Global
	GlobalSection(SolutionConfigurationPlatforms) = preSolution
		Debug|Any CPU = Debug|Any CPU
		Release|Any CPU = Release|Any CPU
	EndGlobalSection
	GlobalSection(ProjectConfigurationPlatforms) = postSolution
		{A4B6A196-EC99-4428-9B3A-AC7392102FCD}.Debug|Any CPU.ActiveCfg = Debug|Any CPU
		{A4B6A196-EC99-4428-9B3A-AC7392102FCD}.Debug|Any CPU.Build.0 = Debug|Any CPU
		{A4B6A196-EC99-4428-9B3A-AC7392102FCD}.Release|Any CPU.ActiveCfg = Release|Any CPU
		{A4B6A196-EC99-4428-9B3A-AC7392102FCD}.Release|Any CPU.Build.0 = Release|Any CPU
	EndGlobalSection
	GlobalSection(SolutionProperties) = preSolution
		HideSolutionNode = FALSE
	EndGlobalSection
	GlobalSection(ExtensibilityGlobals) = postSolution
		SolutionGuid = {7B2FFC34-AF44-455F-89F2-983954FAB222}
	EndGlobalSection
EndGlobal
